
Microsoft Visual Studio Solution File, Format Version 12.00
# Visual Studio Version 17
VisualStudioVersion = 17.8.34408.163
MinimumVisualStudioVersion = 10.0.40219.1
Project("{9A19103F-16F7-4668-BE54-9A1E7A4F7556}") = "DataBaseWPF", "DataBaseWPF\DataBaseWPF.csproj", "{FCE433CF-97AC-4A4F-9DC7-C5A83F6FC987}"
EndProject
Global
	GlobalSection(SolutionConfigurationPlatforms) = preSolution
		Debug|Any CPU = Debug|Any CPU
		Release|Any CPU = Release|Any CPU
	EndGlobalSection
	GlobalSection(ProjectConfigurationPlatforms) = postSolution
		{FCE433CF-97AC-4A4F-9DC7-C5A83F6FC987}.Debug|Any CPU.ActiveCfg = Debug|Any CPU
		{FCE433CF-97AC-4A4F-9DC7-C5A83F6FC987}.Debug|Any CPU.Build.0 = Debug|Any CPU
		{FCE433CF-97AC-4A4F-9DC7-C5A83F6FC987}.Release|Any CPU.ActiveCfg = Release|Any CPU
		{FCE433CF-97AC-4A4F-9DC7-C5A83F6FC987}.Release|Any CPU.Build.0 = Release|Any CPU
	EndGlobalSection
	GlobalSection(SolutionProperties) = preSolution
		HideSolutionNode = FALSE
	EndGlobalSection
	GlobalSection(ExtensibilityGlobals) = postSolution
		SolutionGuid = {07299385-7CD9-4668-A816-1937D8A0A61D}
	EndGlobalSection
EndGlobal
